
Microsoft Visual Studio Solution File, Format Version 12.00
# Visual Studio Version 17
VisualStudioVersion = 17.10.35201.131
MinimumVisualStudioVersion = 10.0.40219.1
Project("{FAE04EC0-301F-11D3-BF4B-00C04F79EFBC}") = "PrimeFactorKata", "PrimeFactorKata\PrimeFactorKata.csproj", "{92779DC5-5D99-4351-B881-CF3D162E1A0B}"
EndProject
Project("{FAE04EC0-301F-11D3-BF4B-00C04F79EFBC}") = "PrimeFactorKata.Tests", "PrimeFactorKata.Tests\PrimeFactorKata.Tests.csproj", "{465E26B4-7B3F-4861-99AC-1E8DF77A58AD}"
EndProject
Global
	GlobalSection(SolutionConfigurationPlatforms) = preSolution
		Debug|Any CPU = Debug|Any CPU
		Release|Any CPU = Release|Any CPU
	EndGlobalSection
	GlobalSection(ProjectConfigurationPlatforms) = postSolution
		{92779DC5-5D99-4351-B881-CF3D162E1A0B}.Debug|Any CPU.ActiveCfg = Debug|Any CPU
		{92779DC5-5D99-4351-B881-CF3D162E1A0B}.Debug|Any CPU.Build.0 = Debug|Any CPU
		{92779DC5-5D99-4351-B881-CF3D162E1A0B}.Release|Any CPU.ActiveCfg = Release|Any CPU
		{92779DC5-5D99-4351-B881-CF3D162E1A0B}.Release|Any CPU.Build.0 = Release|Any CPU
		{465E26B4-7B3F-4861-99AC-1E8DF77A58AD}.Debug|Any CPU.ActiveCfg = Debug|Any CPU
		{465E26B4-7B3F-4861-99AC-1E8DF77A58AD}.Debug|Any CPU.Build.0 = Debug|Any CPU
		{465E26B4-7B3F-4861-99AC-1E8DF77A58AD}.Release|Any CPU.ActiveCfg = Release|Any CPU
		{465E26B4-7B3F-4861-99AC-1E8DF77A58AD}.Release|Any CPU.Build.0 = Release|Any CPU
	EndGlobalSection
	GlobalSection(SolutionProperties) = preSolution
		HideSolutionNode = FALSE
	EndGlobalSection
	GlobalSection(ExtensibilityGlobals) = postSolution
		SolutionGuid = {B86C940C-5C3A-4A88-A467-707BAC2D1DE3}
	EndGlobalSection
EndGlobal
